
Microsoft Visual Studio Solution File, Format Version 12.00
# Visual Studio Version 16
VisualStudioVersion = 16.0.30611.23
MinimumVisualStudioVersion = 10.0.40219.1
Project("{9A19103F-16F7-4668-BE54-9A1E7A4F7556}") = "MedicationPlatform.API", "PresentationLayer\MedicationPlatform.API.csproj", "{14B29B5A-E6AF-4C4C-862D-736F9DF55586}"
EndProject
Project("{2150E333-8FDC-42A3-9474-1A3956D46DE8}") = "Business", "Business", "{D120D633-7446-47D5-BE46-31AB3AED6179}"
EndProject
Project("{9A19103F-16F7-4668-BE54-9A1E7A4F7556}") = "BusinessLogicLayer", "BusinessLogicLayer\BusinessLogicLayer.csproj", "{3B8FD8D7-851F-4A78-AC77-C7B95AF11208}"
EndProject
Project("{9A19103F-16F7-4668-BE54-9A1E7A4F7556}") = "BusinessObjectLayer", "BusinessObjectLayer\BusinessObjectLayer.csproj", "{FB009097-BE99-4443-B2FF-1EC8A1B5E61D}"
EndProject
Project("{9A19103F-16F7-4668-BE54-9A1E7A4F7556}") = "DataAccessLayer", "DataAccessLayer\DataAccessLayer.csproj", "{9B448EE9-6BD0-4EFB-A7A4-61DB95811DD2}"
EndProject
Global
	GlobalSection(SolutionConfigurationPlatforms) = preSolution
		Debug|Any CPU = Debug|Any CPU
		Release|Any CPU = Release|Any CPU
	EndGlobalSection
	GlobalSection(ProjectConfigurationPlatforms) = postSolution
		{14B29B5A-E6AF-4C4C-862D-736F9DF55586}.Debug|Any CPU.ActiveCfg = Debug|Any CPU
		{14B29B5A-E6AF-4C4C-862D-736F9DF55586}.Debug|Any CPU.Build.0 = Debug|Any CPU
		{14B29B5A-E6AF-4C4C-862D-736F9DF55586}.Release|Any CPU.ActiveCfg = Release|Any CPU
		{14B29B5A-E6AF-4C4C-862D-736F9DF55586}.Release|Any CPU.Build.0 = Release|Any CPU
		{3B8FD8D7-851F-4A78-AC77-C7B95AF11208}.Debug|Any CPU.ActiveCfg = Debug|Any CPU
		{3B8FD8D7-851F-4A78-AC77-C7B95AF11208}.Debug|Any CPU.Build.0 = Debug|Any CPU
		{3B8FD8D7-851F-4A78-AC77-C7B95AF11208}.Release|Any CPU.ActiveCfg = Release|Any CPU
		{3B8FD8D7-851F-4A78-AC77-C7B95AF11208}.Release|Any CPU.Build.0 = Release|Any CPU
		{FB009097-BE99-4443-B2FF-1EC8A1B5E61D}.Debug|Any CPU.ActiveCfg = Debug|Any CPU
		{FB009097-BE99-4443-B2FF-1EC8A1B5E61D}.Debug|Any CPU.Build.0 = Debug|Any CPU
		{FB009097-BE99-4443-B2FF-1EC8A1B5E61D}.Release|Any CPU.ActiveCfg = Release|Any CPU
		{FB009097-BE99-4443-B2FF-1EC8A1B5E61D}.Release|Any CPU.Build.0 = Release|Any CPU
		{9B448EE9-6BD0-4EFB-A7A4-61DB95811DD2}.Debug|Any CPU.ActiveCfg = Debug|Any CPU
		{9B448EE9-6BD0-4EFB-A7A4-61DB95811DD2}.Debug|Any CPU.Build.0 = Debug|Any CPU
		{9B448EE9-6BD0-4EFB-A7A4-61DB95811DD2}.Release|Any CPU.ActiveCfg = Release|Any CPU
		{9B448EE9-6BD0-4EFB-A7A4-61DB95811DD2}.Release|Any CPU.Build.0 = Release|Any CPU
	EndGlobalSection
	GlobalSection(SolutionProperties) = preSolution
		HideSolutionNode = FALSE
	EndGlobalSection
	GlobalSection(NestedProjects) = preSolution
		{3B8FD8D7-851F-4A78-AC77-C7B95AF11208} = {D120D633-7446-47D5-BE46-31AB3AED6179}
		{FB009097-BE99-4443-B2FF-1EC8A1B5E61D} = {D120D633-7446-47D5-BE46-31AB3AED6179}
	EndGlobalSection
	GlobalSection(ExtensibilityGlobals) = postSolution
		SolutionGuid = {F17B424F-650C-4186-8D48-B8083458F660}
	EndGlobalSection
EndGlobal
